
Microsoft Visual Studio Solution File, Format Version 12.00
# Visual Studio Version 17
VisualStudioVersion = 17.12.35707.178 d17.12
MinimumVisualStudioVersion = 10.0.40219.1
Project("{FAE04EC0-301F-11D3-BF4B-00C04F79EFBC}") = "LeetCode", "LeetCode.csproj", "{7A5EB644-AA3F-408A-AD55-F0F673C81573}"
EndProject
Project("{FAE04EC0-301F-11D3-BF4B-00C04F79EFBC}") = "LeetCode.UnitTest", "..\LeetCode.UnitTest\LeetCode.UnitTest.csproj", "{788F1C85-0DAA-417A-8F31-19FBCF550339}"
EndProject
Global
	GlobalSection(SolutionConfigurationPlatforms) = preSolution
		Debug|Any CPU = Debug|Any CPU
		Release|Any CPU = Release|Any CPU
	EndGlobalSection
	GlobalSection(ProjectConfigurationPlatforms) = postSolution
		{7A5EB644-AA3F-408A-AD55-F0F673C81573}.Debug|Any CPU.ActiveCfg = Debug|Any CPU
		{7A5EB644-AA3F-408A-AD55-F0F673C81573}.Debug|Any CPU.Build.0 = Debug|Any CPU
		{7A5EB644-AA3F-408A-AD55-F0F673C81573}.Release|Any CPU.ActiveCfg = Release|Any CPU
		{7A5EB644-AA3F-408A-AD55-F0F673C81573}.Release|Any CPU.Build.0 = Release|Any CPU
		{788F1C85-0DAA-417A-8F31-19FBCF550339}.Debug|Any CPU.ActiveCfg = Debug|Any CPU
		{788F1C85-0DAA-417A-8F31-19FBCF550339}.Debug|Any CPU.Build.0 = Debug|Any CPU
		{788F1C85-0DAA-417A-8F31-19FBCF550339}.Release|Any CPU.ActiveCfg = Release|Any CPU
		{788F1C85-0DAA-417A-8F31-19FBCF550339}.Release|Any CPU.Build.0 = Release|Any CPU
	EndGlobalSection
	GlobalSection(SolutionProperties) = preSolution
		HideSolutionNode = FALSE
	EndGlobalSection
EndGlobal
